
Microsoft Visual Studio Solution File, Format Version 12.00
# Visual Studio 15
VisualStudioVersion = 15.0.26430.12
MinimumVisualStudioVersion = 10.0.40219.1
Project("{FAE04EC0-301F-11D3-BF4B-00C04F79EFBC}") = "MyCC.Core", "Core\MyCC.Core.csproj", "{92708D96-5841-4408-A7EE-B2D02C716F89}"
EndProject
Project("{FAE04EC0-301F-11D3-BF4B-00C04F79EFBC}") = "MyCC.Forms.iOS", "Forms.iOS\MyCC.Forms.iOS.csproj", "{2F18BB0F-A007-454B-A5B7-048D7F65FEAD}"
EndProject
Project("{FAE04EC0-301F-11D3-BF4B-00C04F79EFBC}") = "MyCC.Forms", "Forms\MyCC.Forms.csproj", "{67F9D3A8-F71E-4428-913F-C37AE82CDB24}"
EndProject
Project("{FAE04EC0-301F-11D3-BF4B-00C04F79EFBC}") = "MyCC.Ui.Android", "Ui.Android\MyCC.Ui.Android.csproj", "{F460CB58-DA13-4303-B076-B000FA904D50}"
EndProject
Project("{FAE04EC0-301F-11D3-BF4B-00C04F79EFBC}") = "MyCC.Ui", "Ui\MyCC.Ui.csproj", "{3E0EF6BA-2246-4270-A40A-55A99DDFC4DA}"
EndProject
Project("{FAE04EC0-301F-11D3-BF4B-00C04F79EFBC}") = "MyCC.Core.Test", "Core.Test\MyCC.Core.Test.csproj", "{A40F5FE9-15EA-4573-A7E9-555E828F9D57}"
EndProject
Global
	GlobalSection(SolutionConfigurationPlatforms) = preSolution
		Debug|Any CPU = Debug|Any CPU
		Debug|ARM = Debug|ARM
		Debug|iPhone = Debug|iPhone
		Debug|iPhoneSimulator = Debug|iPhoneSimulator
		Debug|x64 = Debug|x64
		Debug|x86 = Debug|x86
		Release|Any CPU = Release|Any CPU
		Release|ARM = Release|ARM
		Release|iPhone = Release|iPhone
		Release|iPhoneSimulator = Release|iPhoneSimulator
		Release|x64 = Release|x64
		Release|x86 = Release|x86
	EndGlobalSection
	GlobalSection(ProjectConfigurationPlatforms) = postSolution
		{92708D96-5841-4408-A7EE-B2D02C716F89}.Debug|Any CPU.ActiveCfg = Debug|Any CPU
		{92708D96-5841-4408-A7EE-B2D02C716F89}.Debug|Any CPU.Build.0 = Debug|Any CPU
		{92708D96-5841-4408-A7EE-B2D02C716F89}.Debug|ARM.ActiveCfg = Debug|Any CPU
		{92708D96-5841-4408-A7EE-B2D02C716F89}.Debug|ARM.Build.0 = Debug|Any CPU
		{92708D96-5841-4408-A7EE-B2D02C716F89}.Debug|iPhone.ActiveCfg = Debug|Any CPU
		{92708D96-5841-4408-A7EE-B2D02C716F89}.Debug|iPhone.Build.0 = Debug|Any CPU
		{92708D96-5841-4408-A7EE-B2D02C716F89}.Debug|iPhoneSimulator.ActiveCfg = Debug|Any CPU
		{92708D96-5841-4408-A7EE-B2D02C716F89}.Debug|iPhoneSimulator.Build.0 = Debug|Any CPU
		{92708D96-5841-4408-A7EE-B2D02C716F89}.Debug|x64.ActiveCfg = Debug|Any CPU
		{92708D96-5841-4408-A7EE-B2D02C716F89}.Debug|x64.Build.0 = Debug|Any CPU
		{92708D96-5841-4408-A7EE-B2D02C716F89}.Debug|x86.ActiveCfg = Debug|Any CPU
		{92708D96-5841-4408-A7EE-B2D02C716F89}.Debug|x86.Build.0 = Debug|Any CPU
		{92708D96-5841-4408-A7EE-B2D02C716F89}.Release|Any CPU.ActiveCfg = Release|Any CPU
		{92708D96-5841-4408-A7EE-B2D02C716F89}.Release|Any CPU.Build.0 = Release|Any CPU
		{92708D96-5841-4408-A7EE-B2D02C716F89}.Release|ARM.ActiveCfg = Release|Any CPU
		{92708D96-5841-4408-A7EE-B2D02C716F89}.Release|ARM.Build.0 = Release|Any CPU
		{92708D96-5841-4408-A7EE-B2D02C716F89}.Release|iPhone.ActiveCfg = Release|Any CPU
		{92708D96-5841-4408-A7EE-B2D02C716F89}.Release|iPhone.Build.0 = Release|Any CPU
		{92708D96-5841-4408-A7EE-B2D02C716F89}.Release|iPhoneSimulator.ActiveCfg = Release|Any CPU
		{92708D96-5841-4408-A7EE-B2D02C716F89}.Release|iPhoneSimulator.Build.0 = Release|Any CPU
		{92708D96-5841-4408-A7EE-B2D02C716F89}.Release|x64.ActiveCfg = Release|Any CPU
		{92708D96-5841-4408-A7EE-B2D02C716F89}.Release|x64.Build.0 = Release|Any CPU
		{92708D96-5841-4408-A7EE-B2D02C716F89}.Release|x86.ActiveCfg = Release|Any CPU
		{92708D96-5841-4408-A7EE-B2D02C716F89}.Release|x86.Build.0 = Release|Any CPU
		{2F18BB0F-A007-454B-A5B7-048D7F65FEAD}.Debug|Any CPU.ActiveCfg = Debug|iPhone
		{2F18BB0F-A007-454B-A5B7-048D7F65FEAD}.Debug|ARM.ActiveCfg = Debug|iPhone
		{2F18BB0F-A007-454B-A5B7-048D7F65FEAD}.Debug|iPhone.ActiveCfg = Debug|iPhone
		{2F18BB0F-A007-454B-A5B7-048D7F65FEAD}.Debug|iPhone.Build.0 = Debug|iPhone
		{2F18BB0F-A007-454B-A5B7-048D7F65FEAD}.Debug|iPhoneSimulator.ActiveCfg = Debug|iPhoneSimulator
		{2F18BB0F-A007-454B-A5B7-048D7F65FEAD}.Debug|iPhoneSimulator.Build.0 = Debug|iPhoneSimulator
		{2F18BB0F-A007-454B-A5B7-048D7F65FEAD}.Debug|x64.ActiveCfg = Debug|iPhone
		{2F18BB0F-A007-454B-A5B7-048D7F65FEAD}.Debug|x86.ActiveCfg = Debug|iPhone
		{2F18BB0F-A007-454B-A5B7-048D7F65FEAD}.Release|Any CPU.ActiveCfg = Release|iPhone
		{2F18BB0F-A007-454B-A5B7-048D7F65FEAD}.Release|ARM.ActiveCfg = Release|iPhone
		{2F18BB0F-A007-454B-A5B7-048D7F65FEAD}.Release|iPhone.ActiveCfg = Release|iPhone
		{2F18BB0F-A007-454B-A5B7-048D7F65FEAD}.Release|iPhone.Build.0 = Release|iPhone
		{2F18BB0F-A007-454B-A5B7-048D7F65FEAD}.Release|iPhoneSimulator.ActiveCfg = Release|iPhoneSimulator
		{2F18BB0F-A007-454B-A5B7-048D7F65FEAD}.Release|iPhoneSimulator.Build.0 = Release|iPhoneSimulator
		{2F18BB0F-A007-454B-A5B7-048D7F65FEAD}.Release|x64.ActiveCfg = Release|iPhone
		{2F18BB0F-A007-454B-A5B7-048D7F65FEAD}.Release|x86.ActiveCfg = Release|iPhone
		{67F9D3A8-F71E-4428-913F-C37AE82CDB24}.Debug|Any CPU.ActiveCfg = Debug|Any CPU
		{67F9D3A8-F71E-4428-913F-C37AE82CDB24}.Debug|Any CPU.Build.0 = Debug|Any CPU
		{67F9D3A8-F71E-4428-913F-C37AE82CDB24}.Debug|ARM.ActiveCfg = Debug|Any CPU
		{67F9D3A8-F71E-4428-913F-C37AE82CDB24}.Debug|ARM.Build.0 = Debug|Any CPU
		{67F9D3A8-F71E-4428-913F-C37AE82CDB24}.Debug|iPhone.ActiveCfg = Debug|Any CPU
		{67F9D3A8-F71E-4428-913F-C37AE82CDB24}.Debug|iPhone.Build.0 = Debug|Any CPU
		{67F9D3A8-F71E-4428-913F-C37AE82CDB24}.Debug|iPhoneSimulator.ActiveCfg = Debug|Any CPU
		{67F9D3A8-F71E-4428-913F-C37AE82CDB24}.Debug|iPhoneSimulator.Build.0 = Debug|Any CPU
		{67F9D3A8-F71E-4428-913F-C37AE82CDB24}.Debug|x64.ActiveCfg = Debug|Any CPU
		{67F9D3A8-F71E-4428-913F-C37AE82CDB24}.Debug|x64.Build.0 = Debug|Any CPU
		{67F9D3A8-F71E-4428-913F-C37AE82CDB24}.Debug|x86.ActiveCfg = Debug|Any CPU
		{67F9D3A8-F71E-4428-913F-C37AE82CDB24}.Debug|x86.Build.0 = Debug|Any CPU
		{67F9D3A8-F71E-4428-913F-C37AE82CDB24}.Release|Any CPU.ActiveCfg = Release|Any CPU
		{67F9D3A8-F71E-4428-913F-C37AE82CDB24}.Release|Any CPU.Build.0 = Release|Any CPU
		{67F9D3A8-F71E-4428-913F-C37AE82CDB24}.Release|ARM.ActiveCfg = Release|Any CPU
		{67F9D3A8-F71E-4428-913F-C37AE82CDB24}.Release|ARM.Build.0 = Release|Any CPU
		{67F9D3A8-F71E-4428-913F-C37AE82CDB24}.Release|iPhone.ActiveCfg = Release|Any CPU
		{67F9D3A8-F71E-4428-913F-C37AE82CDB24}.Release|iPhone.Build.0 = Release|Any CPU
		{67F9D3A8-F71E-4428-913F-C37AE82CDB24}.Release|iPhoneSimulator.ActiveCfg = Release|Any CPU
		{67F9D3A8-F71E-4428-913F-C37AE82CDB24}.Release|iPhoneSimulator.Build.0 = Release|Any CPU
		{67F9D3A8-F71E-4428-913F-C37AE82CDB24}.Release|x64.ActiveCfg = Release|Any CPU
		{67F9D3A8-F71E-4428-913F-C37AE82CDB24}.Release|x64.Build.0 = Release|Any CPU
		{67F9D3A8-F71E-4428-913F-C37AE82CDB24}.Release|x86.ActiveCfg = Release|Any CPU
		{67F9D3A8-F71E-4428-913F-C37AE82CDB24}.Release|x86.Build.0 = Release|Any CPU
		{F460CB58-DA13-4303-B076-B000FA904D50}.Debug|Any CPU.ActiveCfg = Debug|Any CPU
		{F460CB58-DA13-4303-B076-B000FA904D50}.Debug|Any CPU.Build.0 = Debug|Any CPU
		{F460CB58-DA13-4303-B076-B000FA904D50}.Debug|Any CPU.Deploy.0 = Debug|Any CPU
		{F460CB58-DA13-4303-B076-B000FA904D50}.Debug|ARM.ActiveCfg = Debug|Any CPU
		{F460CB58-DA13-4303-B076-B000FA904D50}.Debug|ARM.Build.0 = Debug|Any CPU
		{F460CB58-DA13-4303-B076-B000FA904D50}.Debug|ARM.Deploy.0 = Debug|Any CPU
		{F460CB58-DA13-4303-B076-B000FA904D50}.Debug|iPhone.ActiveCfg = Debug|Any CPU
		{F460CB58-DA13-4303-B076-B000FA904D50}.Debug|iPhone.Build.0 = Debug|Any CPU
		{F460CB58-DA13-4303-B076-B000FA904D50}.Debug|iPhone.Deploy.0 = Debug|Any CPU
		{F460CB58-DA13-4303-B076-B000FA904D50}.Debug|iPhoneSimulator.ActiveCfg = Debug|Any CPU
		{F460CB58-DA13-4303-B076-B000FA904D50}.Debug|iPhoneSimulator.Build.0 = Debug|Any CPU
		{F460CB58-DA13-4303-B076-B000FA904D50}.Debug|iPhoneSimulator.Deploy.0 = Debug|Any CPU
		{F460CB58-DA13-4303-B076-B000FA904D50}.Debug|x64.ActiveCfg = Debug|Any CPU
		{F460CB58-DA13-4303-B076-B000FA904D50}.Debug|x64.Build.0 = Debug|Any CPU
		{F460CB58-DA13-4303-B076-B000FA904D50}.Debug|x64.Deploy.0 = Debug|Any CPU
		{F460CB58-DA13-4303-B076-B000FA904D50}.Debug|x86.ActiveCfg = Debug|Any CPU
		{F460CB58-DA13-4303-B076-B000FA904D50}.Debug|x86.Build.0 = Debug|Any CPU
		{F460CB58-DA13-4303-B076-B000FA904D50}.Debug|x86.Deploy.0 = Debug|Any CPU
		{F460CB58-DA13-4303-B076-B000FA904D50}.Release|Any CPU.ActiveCfg = Release|Any CPU
		{F460CB58-DA13-4303-B076-B000FA904D50}.Release|Any CPU.Build.0 = Release|Any CPU
		{F460CB58-DA13-4303-B076-B000FA904D50}.Release|Any CPU.Deploy.0 = Release|Any CPU
		{F460CB58-DA13-4303-B076-B000FA904D50}.Release|ARM.ActiveCfg = Release|Any CPU
		{F460CB58-DA13-4303-B076-B000FA904D50}.Release|ARM.Build.0 = Release|Any CPU
		{F460CB58-DA13-4303-B076-B000FA904D50}.Release|ARM.Deploy.0 = Release|Any CPU
		{F460CB58-DA13-4303-B076-B000FA904D50}.Release|iPhone.ActiveCfg = Release|Any CPU
		{F460CB58-DA13-4303-B076-B000FA904D50}.Release|iPhone.Build.0 = Release|Any CPU
		{F460CB58-DA13-4303-B076-B000FA904D50}.Release|iPhone.Deploy.0 = Release|Any CPU
		{F460CB58-DA13-4303-B076-B000FA904D50}.Release|iPhoneSimulator.ActiveCfg = Release|Any CPU
		{F460CB58-DA13-4303-B076-B000FA904D50}.Release|iPhoneSimulator.Build.0 = Release|Any CPU
		{F460CB58-DA13-4303-B076-B000FA904D50}.Release|iPhoneSimulator.Deploy.0 = Release|Any CPU
		{F460CB58-DA13-4303-B076-B000FA904D50}.Release|x64.ActiveCfg = Release|Any CPU
		{F460CB58-DA13-4303-B076-B000FA904D50}.Release|x64.Build.0 = Release|Any CPU
		{F460CB58-DA13-4303-B076-B000FA904D50}.Release|x64.Deploy.0 = Release|Any CPU
		{F460CB58-DA13-4303-B076-B000FA904D50}.Release|x86.ActiveCfg = Release|Any CPU
		{F460CB58-DA13-4303-B076-B000FA904D50}.Release|x86.Build.0 = Release|Any CPU
		{F460CB58-DA13-4303-B076-B000FA904D50}.Release|x86.Deploy.0 = Release|Any CPU
		{3E0EF6BA-2246-4270-A40A-55A99DDFC4DA}.Debug|Any CPU.ActiveCfg = Debug|Any CPU
		{3E0EF6BA-2246-4270-A40A-55A99DDFC4DA}.Debug|Any CPU.Build.0 = Debug|Any CPU
		{3E0EF6BA-2246-4270-A40A-55A99DDFC4DA}.Debug|ARM.ActiveCfg = Debug|Any CPU
		{3E0EF6BA-2246-4270-A40A-55A99DDFC4DA}.Debug|ARM.Build.0 = Debug|Any CPU
		{3E0EF6BA-2246-4270-A40A-55A99DDFC4DA}.Debug|iPhone.ActiveCfg = Debug|Any CPU
		{3E0EF6BA-2246-4270-A40A-55A99DDFC4DA}.Debug|iPhone.Build.0 = Debug|Any CPU
		{3E0EF6BA-2246-4270-A40A-55A99DDFC4DA}.Debug|iPhoneSimulator.ActiveCfg = Debug|Any CPU
		{3E0EF6BA-2246-4270-A40A-55A99DDFC4DA}.Debug|iPhoneSimulator.Build.0 = Debug|Any CPU
		{3E0EF6BA-2246-4270-A40A-55A99DDFC4DA}.Debug|x64.ActiveCfg = Debug|Any CPU
		{3E0EF6BA-2246-4270-A40A-55A99DDFC4DA}.Debug|x64.Build.0 = Debug|Any CPU
		{3E0EF6BA-2246-4270-A40A-55A99DDFC4DA}.Debug|x86.ActiveCfg = Debug|Any CPU
		{3E0EF6BA-2246-4270-A40A-55A99DDFC4DA}.Debug|x86.Build.0 = Debug|Any CPU
		{3E0EF6BA-2246-4270-A40A-55A99DDFC4DA}.Release|Any CPU.ActiveCfg = Release|Any CPU
		{3E0EF6BA-2246-4270-A40A-55A99DDFC4DA}.Release|Any CPU.Build.0 = Release|Any CPU
		{3E0EF6BA-2246-4270-A40A-55A99DDFC4DA}.Release|ARM.ActiveCfg = Release|Any CPU
		{3E0EF6BA-2246-4270-A40A-55A99DDFC4DA}.Release|ARM.Build.0 = Release|Any CPU
		{3E0EF6BA-2246-4270-A40A-55A99DDFC4DA}.Release|iPhone.ActiveCfg = Release|Any CPU
		{3E0EF6BA-2246-4270-A40A-55A99DDFC4DA}.Release|iPhone.Build.0 = Release|Any CPU
		{3E0EF6BA-2246-4270-A40A-55A99DDFC4DA}.Release|iPhoneSimulator.ActiveCfg = Release|Any CPU
		{3E0EF6BA-2246-4270-A40A-55A99DDFC4DA}.Release|iPhoneSimulator.Build.0 = Release|Any CPU
		{3E0EF6BA-2246-4270-A40A-55A99DDFC4DA}.Release|x64.ActiveCfg = Release|Any CPU
		{3E0EF6BA-2246-4270-A40A-55A99DDFC4DA}.Release|x64.Build.0 = Release|Any CPU
		{3E0EF6BA-2246-4270-A40A-55A99DDFC4DA}.Release|x86.ActiveCfg = Release|Any CPU
		{3E0EF6BA-2246-4270-A40A-55A99DDFC4DA}.Release|x86.Build.0 = Release|Any CPU
		{A40F5FE9-15EA-4573-A7E9-555E828F9D57}.Debug|Any CPU.ActiveCfg = Debug|Any CPU
		{A40F5FE9-15EA-4573-A7E9-555E828F9D57}.Debug|Any CPU.Build.0 = Debug|Any CPU
		{A40F5FE9-15EA-4573-A7E9-555E828F9D57}.Debug|ARM.ActiveCfg = Debug|Any CPU
		{A40F5FE9-15EA-4573-A7E9-555E828F9D57}.Debug|ARM.Build.0 = Debug|Any CPU
		{A40F5FE9-15EA-4573-A7E9-555E828F9D57}.Debug|iPhone.ActiveCfg = Debug|Any CPU
		{A40F5FE9-15EA-4573-A7E9-555E828F9D57}.Debug|iPhone.Build.0 = Debug|Any CPU
		{A40F5FE9-15EA-4573-A7E9-555E828F9D57}.Debug|iPhoneSimulator.ActiveCfg = Debug|Any CPU
		{A40F5FE9-15EA-4573-A7E9-555E828F9D57}.Debug|iPhoneSimulator.Build.0 = Debug|Any CPU
		{A40F5FE9-15EA-4573-A7E9-555E828F9D57}.Debug|x64.ActiveCfg = Debug|Any CPU
		{A40F5FE9-15EA-4573-A7E9-555E828F9D57}.Debug|x64.Build.0 = Debug|Any CPU
		{A40F5FE9-15EA-4573-A7E9-555E828F9D57}.Debug|x86.ActiveCfg = Debug|Any CPU
		{A40F5FE9-15EA-4573-A7E9-555E828F9D57}.Debug|x86.Build.0 = Debug|Any CPU
		{A40F5FE9-15EA-4573-A7E9-555E828F9D57}.Release|Any CPU.ActiveCfg = Release|Any CPU
		{A40F5FE9-15EA-4573-A7E9-555E828F9D57}.Release|Any CPU.Build.0 = Release|Any CPU
		{A40F5FE9-15EA-4573-A7E9-555E828F9D57}.Release|ARM.ActiveCfg = Release|Any CPU
		{A40F5FE9-15EA-4573-A7E9-555E828F9D57}.Release|ARM.Build.0 = Release|Any CPU
		{A40F5FE9-15EA-4573-A7E9-555E828F9D57}.Release|iPhone.ActiveCfg = Release|Any CPU
		{A40F5FE9-15EA-4573-A7E9-555E828F9D57}.Release|iPhone.Build.0 = Release|Any CPU
		{A40F5FE9-15EA-4573-A7E9-555E828F9D57}.Release|iPhoneSimulator.ActiveCfg = Release|Any CPU
		{A40F5FE9-15EA-4573-A7E9-555E828F9D57}.Release|iPhoneSimulator.Build.0 = Release|Any CPU
		{A40F5FE9-15EA-4573-A7E9-555E828F9D57}.Release|x64.ActiveCfg = Release|Any CPU
		{A40F5FE9-15EA-4573-A7E9-555E828F9D57}.Release|x64.Build.0 = Release|Any CPU
		{A40F5FE9-15EA-4573-A7E9-555E828F9D57}.Release|x86.ActiveCfg = Release|Any CPU
		{A40F5FE9-15EA-4573-A7E9-555E828F9D57}.Release|x86.Build.0 = Release|Any CPU
	EndGlobalSection
	GlobalSection(SolutionProperties) = preSolution
		HideSolutionNode = FALSE
	EndGlobalSection
	GlobalSection(MonoDevelopProperties) = preSolution
		Policies = $0
		$0.TextStylePolicy = $7
		$7.inheritsSet = VisualStudio
		$7.inheritsScope = text/plain
		$0.DotNetNamingPolicy = $8
		$8.DirectoryNamespaceAssociation = PrefixedHierarchical
		$8.ResourceNamePolicy = MSBuild
	EndGlobalSection
EndGlobal
